
Microsoft Visual Studio Solution File, Format Version 12.00
# Visual Studio Version 17
VisualStudioVersion = 17.4.33205.214
MinimumVisualStudioVersion = 10.0.40219.1
Project("{FAE04EC0-301F-11D3-BF4B-00C04F79EFBC}") = "ChessLogic", "ChessLogic\ChessLogic.csproj", "{77AD54E5-99D7-4EB6-BF7D-B6299EA8311C}"
EndProject
Project("{FAE04EC0-301F-11D3-BF4B-00C04F79EFBC}") = "ChessInterface", "ChessInterface\ChessInterface.csproj", "{5429BCC4-F045-47B3-AEB5-3D0832737D9C}"
EndProject
Global
	GlobalSection(SolutionConfigurationPlatforms) = preSolution
		Debug|Any CPU = Debug|Any CPU
		Release|Any CPU = Release|Any CPU
	EndGlobalSection
	GlobalSection(ProjectConfigurationPlatforms) = postSolution
		{77AD54E5-99D7-4EB6-BF7D-B6299EA8311C}.Debug|Any CPU.ActiveCfg = Debug|Any CPU
		{77AD54E5-99D7-4EB6-BF7D-B6299EA8311C}.Debug|Any CPU.Build.0 = Debug|Any CPU
		{77AD54E5-99D7-4EB6-BF7D-B6299EA8311C}.Release|Any CPU.ActiveCfg = Release|Any CPU
		{77AD54E5-99D7-4EB6-BF7D-B6299EA8311C}.Release|Any CPU.Build.0 = Release|Any CPU
		{5429BCC4-F045-47B3-AEB5-3D0832737D9C}.Debug|Any CPU.ActiveCfg = Debug|Any CPU
		{5429BCC4-F045-47B3-AEB5-3D0832737D9C}.Debug|Any CPU.Build.0 = Debug|Any CPU
		{5429BCC4-F045-47B3-AEB5-3D0832737D9C}.Release|Any CPU.ActiveCfg = Release|Any CPU
		{5429BCC4-F045-47B3-AEB5-3D0832737D9C}.Release|Any CPU.Build.0 = Release|Any CPU
	EndGlobalSection
	GlobalSection(SolutionProperties) = preSolution
		HideSolutionNode = FALSE
	EndGlobalSection
	GlobalSection(ExtensibilityGlobals) = postSolution
		SolutionGuid = {5A16FDA8-2D9E-4862-819C-7B0494EC2C51}
	EndGlobalSection
EndGlobal
